
Microsoft Visual Studio Solution File, Format Version 12.00
# Visual Studio 15
VisualStudioVersion = 15.0.28307.902
MinimumVisualStudioVersion = 10.0.40219.1
Project("{FAE04EC0-301F-11D3-BF4B-00C04F79EFBC}") = "bcdevexchange", "bcdevexchange.csproj", "{8FE75E7A-794F-430E-A7EA-11ABB144AC3D}"
EndProject
Project("{FAE04EC0-301F-11D3-BF4B-00C04F79EFBC}") = "bcdevexchange.Tests", "..\bcdevexchange.Tests\bcdevexchange.Tests.csproj", "{4E20802C-78AF-4903-85F0-5EF5A717F2FF}"
EndProject
Global
	GlobalSection(SolutionConfigurationPlatforms) = preSolution
		Debug|Any CPU = Debug|Any CPU
		Release|Any CPU = Release|Any CPU
	EndGlobalSection
	GlobalSection(ProjectConfigurationPlatforms) = postSolution
		{8FE75E7A-794F-430E-A7EA-11ABB144AC3D}.Debug|Any CPU.ActiveCfg = Debug|Any CPU
		{8FE75E7A-794F-430E-A7EA-11ABB144AC3D}.Debug|Any CPU.Build.0 = Debug|Any CPU
		{8FE75E7A-794F-430E-A7EA-11ABB144AC3D}.Release|Any CPU.ActiveCfg = Release|Any CPU
		{8FE75E7A-794F-430E-A7EA-11ABB144AC3D}.Release|Any CPU.Build.0 = Release|Any CPU
		{4E20802C-78AF-4903-85F0-5EF5A717F2FF}.Debug|Any CPU.ActiveCfg = Debug|Any CPU
		{4E20802C-78AF-4903-85F0-5EF5A717F2FF}.Debug|Any CPU.Build.0 = Debug|Any CPU
		{4E20802C-78AF-4903-85F0-5EF5A717F2FF}.Release|Any CPU.ActiveCfg = Release|Any CPU
		{4E20802C-78AF-4903-85F0-5EF5A717F2FF}.Release|Any CPU.Build.0 = Release|Any CPU
	EndGlobalSection
	GlobalSection(SolutionProperties) = preSolution
		HideSolutionNode = FALSE
	EndGlobalSection
	GlobalSection(ExtensibilityGlobals) = postSolution
		SolutionGuid = {329E245D-02CC-4FAA-8D0F-A2B8D48A2C2B}
	EndGlobalSection
EndGlobal
